
Microsoft Visual Studio Solution File, Format Version 12.00
# Visual Studio Version 16
VisualStudioVersion = 16.0.30114.105
MinimumVisualStudioVersion = 10.0.40219.1
Project("{9A19103F-16F7-4668-BE54-9A1E7A4F7556}") = "DotNet2", "DotNet2.csproj", "{9EB4D01E-D66F-4F81-9874-427071BCA638}"
EndProject
Project("{9A19103F-16F7-4668-BE54-9A1E7A4F7556}") = "DotNet1", "..\DotNet1\DotNet1.csproj", "{622E1CE4-3D61-4DD5-B725-D0B62EB4D8FC}"
EndProject
Project("{9A19103F-16F7-4668-BE54-9A1E7A4F7556}") = "DotNet4", "..\DotNet4\DotNet4.csproj", "{18188598-DBA6-4EEC-8DB6-34EC8DFA3F5E}"
EndProject
Project("{9A19103F-16F7-4668-BE54-9A1E7A4F7556}") = "DotNet5", "..\DotNet5\DotNet5.csproj", "{9FE2C8E3-5A99-4312-9B4B-17BB515A7709}"
EndProject
Project("{9A19103F-16F7-4668-BE54-9A1E7A4F7556}") = "DotNet6", "..\DotNet6\DotNet6.csproj", "{105D3F3A-6919-4D2D-9005-5779AC621AB7}"
EndProject
Project("{2150E333-8FDC-42A3-9474-1A3956D46DE8}") = "DotNet7", "DotNet7", "{17A2B627-31C4-4230-A3BB-913DE59A8E41}"
EndProject
Project("{FAE04EC0-301F-11D3-BF4B-00C04F79EFBC}") = "UiFormApp", "..\DotNet7\UiFormApp\UiFormApp.csproj", "{A9CB0F53-2571-4BBF-B7F3-A9842F280274}"
EndProject
Project("{9A19103F-16F7-4668-BE54-9A1E7A4F7556}") = "FileWatcherTasks", "..\DotNet7\FileWatcherTasks\FileWatcherTasks.csproj", "{804183AD-6C5D-4849-AF22-47D456B92171}"
EndProject
Project("{9A19103F-16F7-4668-BE54-9A1E7A4F7556}") = "HTTPrequestsUsingTasks", "..\DotNet7\HTTPrequestsUsingTasks\HTTPrequestsUsingTasks.csproj", "{7816ECCD-F0C4-4CC8-ACAE-6DDA4DE9D4A4}"
EndProject
Project("{9A19103F-16F7-4668-BE54-9A1E7A4F7556}") = "WordsManagerTPL", "..\DotNet7\WordsManagerTPL\WordsManagerTPL.csproj", "{37301F5D-A560-4D59-83DB-08D29CEBF676}"
EndProject
Project("{9A19103F-16F7-4668-BE54-9A1E7A4F7556}") = "DotNet3", "..\DotNet3\DotNet3.csproj", "{84E11291-40D9-448B-AAF1-FB691E841634}"
EndProject
Project("{2150E333-8FDC-42A3-9474-1A3956D46DE8}") = "DotNet8", "DotNet8", "{57222E30-40F8-4F97-92BC-B51AEB1CE756}"
EndProject
Project("{9A19103F-16F7-4668-BE54-9A1E7A4F7556}") = "DBConnection", "..\DBConnection\DBConnection.csproj", "{BB823B8F-4302-45D6-8F8B-46181E95F2D5}"
EndProject
Project("{9A19103F-16F7-4668-BE54-9A1E7A4F7556}") = "ConferencePlanner.App", "..\DotNet8\ConferencePlanner.App\ConferencePlanner.App.csproj", "{86C50AFE-0F03-45E1-B166-1998EB108222}"
	ProjectSection(ProjectDependencies) = postProject
		{6D337590-4687-4A52-A417-CA8D351E3927} = {6D337590-4687-4A52-A417-CA8D351E3927}
	EndProjectSection
EndProject
Project("{9A19103F-16F7-4668-BE54-9A1E7A4F7556}") = "ConferencePlanner.Data", "..\DotNet8\ConferencePlanner.Data\ConferencePlanner.Data.csproj", "{9D66B146-2A42-43B8-9648-A04465C71278}"
EndProject
Project("{9A19103F-16F7-4668-BE54-9A1E7A4F7556}") = "ConferencePlanner.DataLoader", "..\DotNet8\ConferencePlanner.DataLoader\ConferencePlanner.DataLoader.csproj", "{DA317B10-8CDB-4508-A962-1251603F3EE5}"
EndProject
Project("{9A19103F-16F7-4668-BE54-9A1E7A4F7556}") = "ConferencePlanner.Entities", "..\DotNet8\ConferencePlanner.Entities\ConferencePlanner.Entities.csproj", "{6D337590-4687-4A52-A417-CA8D351E3927}"
EndProject
Project("{9A19103F-16F7-4668-BE54-9A1E7A4F7556}") = "ConferencePlanner.Services", "..\DotNet8\ConferencePlanner.Services\ConferencePlanner.Services.csproj", "{A66FC8EF-A06F-4F61-982C-D719D64A3189}"
EndProject
Project("{9A19103F-16F7-4668-BE54-9A1E7A4F7556}") = "DapperExample", "..\DotNet8\DapperExample\DapperExample.csproj", "{61FE283B-FE54-4C14-AA59-96E8CAE14F9C}"
EndProject
Project("{9A19103F-16F7-4668-BE54-9A1E7A4F7556}") = "DapperQueries", "..\DotNet8\DapperQueries\DapperQueries.csproj", "{558CEB6F-FDFA-4307-BD7E-E323E7106379}"
EndProject
Global
	GlobalSection(SolutionConfigurationPlatforms) = preSolution
		Debug|Any CPU = Debug|Any CPU
		Release|Any CPU = Release|Any CPU
	EndGlobalSection
	GlobalSection(ProjectConfigurationPlatforms) = postSolution
		{9EB4D01E-D66F-4F81-9874-427071BCA638}.Debug|Any CPU.ActiveCfg = Debug|Any CPU
		{9EB4D01E-D66F-4F81-9874-427071BCA638}.Debug|Any CPU.Build.0 = Debug|Any CPU
		{9EB4D01E-D66F-4F81-9874-427071BCA638}.Release|Any CPU.ActiveCfg = Release|Any CPU
		{9EB4D01E-D66F-4F81-9874-427071BCA638}.Release|Any CPU.Build.0 = Release|Any CPU
		{622E1CE4-3D61-4DD5-B725-D0B62EB4D8FC}.Debug|Any CPU.ActiveCfg = Debug|Any CPU
		{622E1CE4-3D61-4DD5-B725-D0B62EB4D8FC}.Debug|Any CPU.Build.0 = Debug|Any CPU
		{622E1CE4-3D61-4DD5-B725-D0B62EB4D8FC}.Release|Any CPU.ActiveCfg = Release|Any CPU
		{622E1CE4-3D61-4DD5-B725-D0B62EB4D8FC}.Release|Any CPU.Build.0 = Release|Any CPU
		{18188598-DBA6-4EEC-8DB6-34EC8DFA3F5E}.Debug|Any CPU.ActiveCfg = Debug|Any CPU
		{18188598-DBA6-4EEC-8DB6-34EC8DFA3F5E}.Debug|Any CPU.Build.0 = Debug|Any CPU
		{18188598-DBA6-4EEC-8DB6-34EC8DFA3F5E}.Release|Any CPU.ActiveCfg = Release|Any CPU
		{18188598-DBA6-4EEC-8DB6-34EC8DFA3F5E}.Release|Any CPU.Build.0 = Release|Any CPU
		{9FE2C8E3-5A99-4312-9B4B-17BB515A7709}.Debug|Any CPU.ActiveCfg = Debug|Any CPU
		{9FE2C8E3-5A99-4312-9B4B-17BB515A7709}.Debug|Any CPU.Build.0 = Debug|Any CPU
		{9FE2C8E3-5A99-4312-9B4B-17BB515A7709}.Release|Any CPU.ActiveCfg = Release|Any CPU
		{9FE2C8E3-5A99-4312-9B4B-17BB515A7709}.Release|Any CPU.Build.0 = Release|Any CPU
		{105D3F3A-6919-4D2D-9005-5779AC621AB7}.Debug|Any CPU.ActiveCfg = Debug|Any CPU
		{105D3F3A-6919-4D2D-9005-5779AC621AB7}.Debug|Any CPU.Build.0 = Debug|Any CPU
		{105D3F3A-6919-4D2D-9005-5779AC621AB7}.Release|Any CPU.ActiveCfg = Release|Any CPU
		{105D3F3A-6919-4D2D-9005-5779AC621AB7}.Release|Any CPU.Build.0 = Release|Any CPU
		{A9CB0F53-2571-4BBF-B7F3-A9842F280274}.Debug|Any CPU.ActiveCfg = Debug|Any CPU
		{A9CB0F53-2571-4BBF-B7F3-A9842F280274}.Debug|Any CPU.Build.0 = Debug|Any CPU
		{A9CB0F53-2571-4BBF-B7F3-A9842F280274}.Release|Any CPU.ActiveCfg = Release|Any CPU
		{A9CB0F53-2571-4BBF-B7F3-A9842F280274}.Release|Any CPU.Build.0 = Release|Any CPU
		{804183AD-6C5D-4849-AF22-47D456B92171}.Debug|Any CPU.ActiveCfg = Debug|Any CPU
		{804183AD-6C5D-4849-AF22-47D456B92171}.Debug|Any CPU.Build.0 = Debug|Any CPU
		{804183AD-6C5D-4849-AF22-47D456B92171}.Release|Any CPU.ActiveCfg = Release|Any CPU
		{804183AD-6C5D-4849-AF22-47D456B92171}.Release|Any CPU.Build.0 = Release|Any CPU
		{7816ECCD-F0C4-4CC8-ACAE-6DDA4DE9D4A4}.Debug|Any CPU.ActiveCfg = Debug|Any CPU
		{7816ECCD-F0C4-4CC8-ACAE-6DDA4DE9D4A4}.Debug|Any CPU.Build.0 = Debug|Any CPU
		{7816ECCD-F0C4-4CC8-ACAE-6DDA4DE9D4A4}.Release|Any CPU.ActiveCfg = Release|Any CPU
		{7816ECCD-F0C4-4CC8-ACAE-6DDA4DE9D4A4}.Release|Any CPU.Build.0 = Release|Any CPU
		{37301F5D-A560-4D59-83DB-08D29CEBF676}.Debug|Any CPU.ActiveCfg = Debug|Any CPU
		{37301F5D-A560-4D59-83DB-08D29CEBF676}.Debug|Any CPU.Build.0 = Debug|Any CPU
		{37301F5D-A560-4D59-83DB-08D29CEBF676}.Release|Any CPU.ActiveCfg = Release|Any CPU
		{37301F5D-A560-4D59-83DB-08D29CEBF676}.Release|Any CPU.Build.0 = Release|Any CPU
		{84E11291-40D9-448B-AAF1-FB691E841634}.Debug|Any CPU.ActiveCfg = Debug|Any CPU
		{84E11291-40D9-448B-AAF1-FB691E841634}.Debug|Any CPU.Build.0 = Debug|Any CPU
		{84E11291-40D9-448B-AAF1-FB691E841634}.Release|Any CPU.ActiveCfg = Release|Any CPU
		{84E11291-40D9-448B-AAF1-FB691E841634}.Release|Any CPU.Build.0 = Release|Any CPU
		{BB823B8F-4302-45D6-8F8B-46181E95F2D5}.Debug|Any CPU.ActiveCfg = Debug|Any CPU
		{BB823B8F-4302-45D6-8F8B-46181E95F2D5}.Debug|Any CPU.Build.0 = Debug|Any CPU
		{BB823B8F-4302-45D6-8F8B-46181E95F2D5}.Release|Any CPU.ActiveCfg = Release|Any CPU
		{BB823B8F-4302-45D6-8F8B-46181E95F2D5}.Release|Any CPU.Build.0 = Release|Any CPU
		{86C50AFE-0F03-45E1-B166-1998EB108222}.Debug|Any CPU.ActiveCfg = Debug|Any CPU
		{86C50AFE-0F03-45E1-B166-1998EB108222}.Debug|Any CPU.Build.0 = Debug|Any CPU
		{86C50AFE-0F03-45E1-B166-1998EB108222}.Release|Any CPU.ActiveCfg = Release|Any CPU
		{86C50AFE-0F03-45E1-B166-1998EB108222}.Release|Any CPU.Build.0 = Release|Any CPU
		{9D66B146-2A42-43B8-9648-A04465C71278}.Debug|Any CPU.ActiveCfg = Debug|Any CPU
		{9D66B146-2A42-43B8-9648-A04465C71278}.Debug|Any CPU.Build.0 = Debug|Any CPU
		{9D66B146-2A42-43B8-9648-A04465C71278}.Release|Any CPU.ActiveCfg = Release|Any CPU
		{9D66B146-2A42-43B8-9648-A04465C71278}.Release|Any CPU.Build.0 = Release|Any CPU
		{DA317B10-8CDB-4508-A962-1251603F3EE5}.Debug|Any CPU.ActiveCfg = Debug|Any CPU
		{DA317B10-8CDB-4508-A962-1251603F3EE5}.Debug|Any CPU.Build.0 = Debug|Any CPU
		{DA317B10-8CDB-4508-A962-1251603F3EE5}.Release|Any CPU.ActiveCfg = Release|Any CPU
		{DA317B10-8CDB-4508-A962-1251603F3EE5}.Release|Any CPU.Build.0 = Release|Any CPU
		{6D337590-4687-4A52-A417-CA8D351E3927}.Debug|Any CPU.ActiveCfg = Debug|Any CPU
		{6D337590-4687-4A52-A417-CA8D351E3927}.Debug|Any CPU.Build.0 = Debug|Any CPU
		{6D337590-4687-4A52-A417-CA8D351E3927}.Release|Any CPU.ActiveCfg = Release|Any CPU
		{6D337590-4687-4A52-A417-CA8D351E3927}.Release|Any CPU.Build.0 = Release|Any CPU
		{A66FC8EF-A06F-4F61-982C-D719D64A3189}.Debug|Any CPU.ActiveCfg = Debug|Any CPU
		{A66FC8EF-A06F-4F61-982C-D719D64A3189}.Debug|Any CPU.Build.0 = Debug|Any CPU
		{A66FC8EF-A06F-4F61-982C-D719D64A3189}.Release|Any CPU.ActiveCfg = Release|Any CPU
		{A66FC8EF-A06F-4F61-982C-D719D64A3189}.Release|Any CPU.Build.0 = Release|Any CPU
		{61FE283B-FE54-4C14-AA59-96E8CAE14F9C}.Debug|Any CPU.ActiveCfg = Debug|Any CPU
		{61FE283B-FE54-4C14-AA59-96E8CAE14F9C}.Debug|Any CPU.Build.0 = Debug|Any CPU
		{61FE283B-FE54-4C14-AA59-96E8CAE14F9C}.Release|Any CPU.ActiveCfg = Release|Any CPU
		{61FE283B-FE54-4C14-AA59-96E8CAE14F9C}.Release|Any CPU.Build.0 = Release|Any CPU
		{558CEB6F-FDFA-4307-BD7E-E323E7106379}.Debug|Any CPU.ActiveCfg = Debug|Any CPU
		{558CEB6F-FDFA-4307-BD7E-E323E7106379}.Debug|Any CPU.Build.0 = Debug|Any CPU
		{558CEB6F-FDFA-4307-BD7E-E323E7106379}.Release|Any CPU.ActiveCfg = Release|Any CPU
		{558CEB6F-FDFA-4307-BD7E-E323E7106379}.Release|Any CPU.Build.0 = Release|Any CPU
	EndGlobalSection
	GlobalSection(SolutionProperties) = preSolution
		HideSolutionNode = FALSE
	EndGlobalSection
	GlobalSection(NestedProjects) = preSolution
		{A9CB0F53-2571-4BBF-B7F3-A9842F280274} = {17A2B627-31C4-4230-A3BB-913DE59A8E41}
		{804183AD-6C5D-4849-AF22-47D456B92171} = {17A2B627-31C4-4230-A3BB-913DE59A8E41}
		{7816ECCD-F0C4-4CC8-ACAE-6DDA4DE9D4A4} = {17A2B627-31C4-4230-A3BB-913DE59A8E41}
		{37301F5D-A560-4D59-83DB-08D29CEBF676} = {17A2B627-31C4-4230-A3BB-913DE59A8E41}
		{BB823B8F-4302-45D6-8F8B-46181E95F2D5} = {57222E30-40F8-4F97-92BC-B51AEB1CE756}
		{86C50AFE-0F03-45E1-B166-1998EB108222} = {57222E30-40F8-4F97-92BC-B51AEB1CE756}
		{9D66B146-2A42-43B8-9648-A04465C71278} = {57222E30-40F8-4F97-92BC-B51AEB1CE756}
		{DA317B10-8CDB-4508-A962-1251603F3EE5} = {57222E30-40F8-4F97-92BC-B51AEB1CE756}
		{6D337590-4687-4A52-A417-CA8D351E3927} = {57222E30-40F8-4F97-92BC-B51AEB1CE756}
		{A66FC8EF-A06F-4F61-982C-D719D64A3189} = {57222E30-40F8-4F97-92BC-B51AEB1CE756}
		{61FE283B-FE54-4C14-AA59-96E8CAE14F9C} = {57222E30-40F8-4F97-92BC-B51AEB1CE756}
		{558CEB6F-FDFA-4307-BD7E-E323E7106379} = {57222E30-40F8-4F97-92BC-B51AEB1CE756}
	EndGlobalSection
	GlobalSection(ExtensibilityGlobals) = postSolution
		SolutionGuid = {8822414E-F3EC-40B7-BAD8-C2B015AF9287}
	EndGlobalSection
EndGlobal
