
Microsoft Visual Studio Solution File, Format Version 12.00
# Visual Studio Version 16
VisualStudioVersion = 16.0.30114.105
MinimumVisualStudioVersion = 10.0.40219.1
Project("{9A19103F-16F7-4668-BE54-9A1E7A4F7556}") = "DotNet2", "DotNet2.csproj", "{9EB4D01E-D66F-4F81-9874-427071BCA638}"
EndProject
Project("{9A19103F-16F7-4668-BE54-9A1E7A4F7556}") = "DotNet1", "..\DotNet1\DotNet1.csproj", "{622E1CE4-3D61-4DD5-B725-D0B62EB4D8FC}"
EndProject
Project("{9A19103F-16F7-4668-BE54-9A1E7A4F7556}") = "DotNet4", "..\DotNet4\DotNet4.csproj", "{18188598-DBA6-4EEC-8DB6-34EC8DFA3F5E}"
EndProject
Project("{9A19103F-16F7-4668-BE54-9A1E7A4F7556}") = "DotNet5", "..\DotNet5\DotNet5.csproj", "{9FE2C8E3-5A99-4312-9B4B-17BB515A7709}"
EndProject
Project("{9A19103F-16F7-4668-BE54-9A1E7A4F7556}") = "DotNet6", "..\DotNet6\DotNet6.csproj", "{105D3F3A-6919-4D2D-9005-5779AC621AB7}"
EndProject
Project("{2150E333-8FDC-42A3-9474-1A3956D46DE8}") = "DotNet7", "DotNet7", "{17A2B627-31C4-4230-A3BB-913DE59A8E41}"
EndProject
Project("{FAE04EC0-301F-11D3-BF4B-00C04F79EFBC}") = "UiFormApp", "..\DotNet7\UiFormApp\UiFormApp.csproj", "{A9CB0F53-2571-4BBF-B7F3-A9842F280274}"
EndProject
Project("{9A19103F-16F7-4668-BE54-9A1E7A4F7556}") = "FileWatcherTasks", "..\DotNet7\FileWatcherTasks\FileWatcherTasks.csproj", "{804183AD-6C5D-4849-AF22-47D456B92171}"
EndProject
Project("{9A19103F-16F7-4668-BE54-9A1E7A4F7556}") = "WordsManagerTPL", "..\WordsManagerTPL\WordsManagerTPL.csproj", "{3F02D768-CBFF-4DD9-BEC1-64CE62AD8A22}"
EndProject
Project("{9A19103F-16F7-4668-BE54-9A1E7A4F7556}") = "HTTPrequestsUsingTasks", "..\HTTPrequestsUsingTasks\HTTPrequestsUsingTasks.csproj", "{A93D37A4-B6B1-4483-BB4D-2F4A9288834B}"
EndProject
Global
	GlobalSection(SolutionConfigurationPlatforms) = preSolution
		Debug|Any CPU = Debug|Any CPU
		Release|Any CPU = Release|Any CPU
	EndGlobalSection
	GlobalSection(ProjectConfigurationPlatforms) = postSolution
		{9EB4D01E-D66F-4F81-9874-427071BCA638}.Debug|Any CPU.ActiveCfg = Debug|Any CPU
		{9EB4D01E-D66F-4F81-9874-427071BCA638}.Debug|Any CPU.Build.0 = Debug|Any CPU
		{9EB4D01E-D66F-4F81-9874-427071BCA638}.Release|Any CPU.ActiveCfg = Release|Any CPU
		{9EB4D01E-D66F-4F81-9874-427071BCA638}.Release|Any CPU.Build.0 = Release|Any CPU
		{622E1CE4-3D61-4DD5-B725-D0B62EB4D8FC}.Debug|Any CPU.ActiveCfg = Debug|Any CPU
		{622E1CE4-3D61-4DD5-B725-D0B62EB4D8FC}.Debug|Any CPU.Build.0 = Debug|Any CPU
		{622E1CE4-3D61-4DD5-B725-D0B62EB4D8FC}.Release|Any CPU.ActiveCfg = Release|Any CPU
		{622E1CE4-3D61-4DD5-B725-D0B62EB4D8FC}.Release|Any CPU.Build.0 = Release|Any CPU
		{18188598-DBA6-4EEC-8DB6-34EC8DFA3F5E}.Debug|Any CPU.ActiveCfg = Debug|Any CPU
		{18188598-DBA6-4EEC-8DB6-34EC8DFA3F5E}.Debug|Any CPU.Build.0 = Debug|Any CPU
		{18188598-DBA6-4EEC-8DB6-34EC8DFA3F5E}.Release|Any CPU.ActiveCfg = Release|Any CPU
		{18188598-DBA6-4EEC-8DB6-34EC8DFA3F5E}.Release|Any CPU.Build.0 = Release|Any CPU
		{9FE2C8E3-5A99-4312-9B4B-17BB515A7709}.Debug|Any CPU.ActiveCfg = Debug|Any CPU
		{9FE2C8E3-5A99-4312-9B4B-17BB515A7709}.Debug|Any CPU.Build.0 = Debug|Any CPU
		{9FE2C8E3-5A99-4312-9B4B-17BB515A7709}.Release|Any CPU.ActiveCfg = Release|Any CPU
		{9FE2C8E3-5A99-4312-9B4B-17BB515A7709}.Release|Any CPU.Build.0 = Release|Any CPU
		{105D3F3A-6919-4D2D-9005-5779AC621AB7}.Debug|Any CPU.ActiveCfg = Debug|Any CPU
		{105D3F3A-6919-4D2D-9005-5779AC621AB7}.Debug|Any CPU.Build.0 = Debug|Any CPU
		{105D3F3A-6919-4D2D-9005-5779AC621AB7}.Release|Any CPU.ActiveCfg = Release|Any CPU
		{105D3F3A-6919-4D2D-9005-5779AC621AB7}.Release|Any CPU.Build.0 = Release|Any CPU
		{A9CB0F53-2571-4BBF-B7F3-A9842F280274}.Debug|Any CPU.ActiveCfg = Debug|Any CPU
		{A9CB0F53-2571-4BBF-B7F3-A9842F280274}.Debug|Any CPU.Build.0 = Debug|Any CPU
		{A9CB0F53-2571-4BBF-B7F3-A9842F280274}.Release|Any CPU.ActiveCfg = Release|Any CPU
		{A9CB0F53-2571-4BBF-B7F3-A9842F280274}.Release|Any CPU.Build.0 = Release|Any CPU
		{804183AD-6C5D-4849-AF22-47D456B92171}.Debug|Any CPU.ActiveCfg = Debug|Any CPU
		{804183AD-6C5D-4849-AF22-47D456B92171}.Debug|Any CPU.Build.0 = Debug|Any CPU
		{804183AD-6C5D-4849-AF22-47D456B92171}.Release|Any CPU.ActiveCfg = Release|Any CPU
		{804183AD-6C5D-4849-AF22-47D456B92171}.Release|Any CPU.Build.0 = Release|Any CPU
		{3F02D768-CBFF-4DD9-BEC1-64CE62AD8A22}.Debug|Any CPU.ActiveCfg = Debug|Any CPU
		{3F02D768-CBFF-4DD9-BEC1-64CE62AD8A22}.Debug|Any CPU.Build.0 = Debug|Any CPU
		{3F02D768-CBFF-4DD9-BEC1-64CE62AD8A22}.Release|Any CPU.ActiveCfg = Release|Any CPU
		{3F02D768-CBFF-4DD9-BEC1-64CE62AD8A22}.Release|Any CPU.Build.0 = Release|Any CPU
		{A93D37A4-B6B1-4483-BB4D-2F4A9288834B}.Debug|Any CPU.ActiveCfg = Debug|Any CPU
		{A93D37A4-B6B1-4483-BB4D-2F4A9288834B}.Debug|Any CPU.Build.0 = Debug|Any CPU
		{A93D37A4-B6B1-4483-BB4D-2F4A9288834B}.Release|Any CPU.ActiveCfg = Release|Any CPU
		{A93D37A4-B6B1-4483-BB4D-2F4A9288834B}.Release|Any CPU.Build.0 = Release|Any CPU
	EndGlobalSection
	GlobalSection(SolutionProperties) = preSolution
		HideSolutionNode = FALSE
	EndGlobalSection
	GlobalSection(NestedProjects) = preSolution
		{A9CB0F53-2571-4BBF-B7F3-A9842F280274} = {17A2B627-31C4-4230-A3BB-913DE59A8E41}
		{804183AD-6C5D-4849-AF22-47D456B92171} = {17A2B627-31C4-4230-A3BB-913DE59A8E41}
		{3F02D768-CBFF-4DD9-BEC1-64CE62AD8A22} = {17A2B627-31C4-4230-A3BB-913DE59A8E41}
		{A93D37A4-B6B1-4483-BB4D-2F4A9288834B} = {17A2B627-31C4-4230-A3BB-913DE59A8E41}
	EndGlobalSection
	GlobalSection(ExtensibilityGlobals) = postSolution
		SolutionGuid = {8822414E-F3EC-40B7-BAD8-C2B015AF9287}
	EndGlobalSection
EndGlobal
